
Microsoft Visual Studio Solution File, Format Version 12.00
# Visual Studio Version 16
VisualStudioVersion = 16.0.32413.511
MinimumVisualStudioVersion = 10.0.40219.1
Project("{FAE04EC0-301F-11D3-BF4B-00C04F79EFBC}") = "Calculator", "Calculator\Calculator.csproj", "{1108D798-D1E9-45C7-A0D4-0A141741F7E5}"
EndProject
Global
	GlobalSection(SolutionConfigurationPlatforms) = preSolution
		Debug|Any CPU = Debug|Any CPU
		Release|Any CPU = Release|Any CPU
	EndGlobalSection
	GlobalSection(ProjectConfigurationPlatforms) = postSolution
		{1108D798-D1E9-45C7-A0D4-0A141741F7E5}.Debug|Any CPU.ActiveCfg = Debug|Any CPU
		{1108D798-D1E9-45C7-A0D4-0A141741F7E5}.Debug|Any CPU.Build.0 = Debug|Any CPU
		{1108D798-D1E9-45C7-A0D4-0A141741F7E5}.Release|Any CPU.ActiveCfg = Release|Any CPU
		{1108D798-D1E9-45C7-A0D4-0A141741F7E5}.Release|Any CPU.Build.0 = Release|Any CPU
	EndGlobalSection
	GlobalSection(SolutionProperties) = preSolution
		HideSolutionNode = FALSE
	EndGlobalSection
	GlobalSection(ExtensibilityGlobals) = postSolution
		SolutionGuid = {B4EE0EE5-F17C-4D86-93F9-158BC7478489}
	EndGlobalSection
EndGlobal
